
Microsoft Visual Studio Solution File, Format Version 12.00
# Visual Studio Version 17
VisualStudioVersion = 17.6.33723.286
MinimumVisualStudioVersion = 10.0.40219.1
Project("{FAE04EC0-301F-11D3-BF4B-00C04F79EFBC}") = "MyFirstWindowsApp", "MyFirstWindowsApp.csproj", "{1862806F-4C8F-43E6-B01D-CFE40BA75E96}"
EndProject
Global
	GlobalSection(SolutionConfigurationPlatforms) = preSolution
		Debug|Any CPU = Debug|Any CPU
		Release|Any CPU = Release|Any CPU
	EndGlobalSection
	GlobalSection(ProjectConfigurationPlatforms) = postSolution
		{1862806F-4C8F-43E6-B01D-CFE40BA75E96}.Debug|Any CPU.ActiveCfg = Debug|Any CPU
		{1862806F-4C8F-43E6-B01D-CFE40BA75E96}.Debug|Any CPU.Build.0 = Debug|Any CPU
		{1862806F-4C8F-43E6-B01D-CFE40BA75E96}.Release|Any CPU.ActiveCfg = Release|Any CPU
		{1862806F-4C8F-43E6-B01D-CFE40BA75E96}.Release|Any CPU.Build.0 = Release|Any CPU
	EndGlobalSection
	GlobalSection(SolutionProperties) = preSolution
		HideSolutionNode = FALSE
	EndGlobalSection
	GlobalSection(ExtensibilityGlobals) = postSolution
		SolutionGuid = {639F9D95-C61E-4D49-812B-9B3EC896ABBE}
	EndGlobalSection
EndGlobal
